
Microsoft Visual Studio Solution File, Format Version 12.00
# Visual Studio 15
VisualStudioVersion = 15.0.28010.2016
MinimumVisualStudioVersion = 10.0.40219.1
Project("{FAE04EC0-301F-11D3-BF4B-00C04F79EFBC}") = "ConsoleApp1", "ConsoleApp1\ConsoleApp1.csproj", "{0F33D442-F2E6-4351-AD84-C53F5FFE423B}"
	ProjectSection(ProjectDependencies) = postProject
		{52FF3755-C522-4F77-B003-D4ECD92336C0} = {52FF3755-C522-4F77-B003-D4ECD92336C0}
	EndProjectSection
EndProject
Project("{FAE04EC0-301F-11D3-BF4B-00C04F79EFBC}") = "ClassLibrary1", "ClassLibrary1\ClassLibrary1.csproj", "{52FF3755-C522-4F77-B003-D4ECD92336C0}"
EndProject
Global
	GlobalSection(SolutionConfigurationPlatforms) = preSolution
		Debug|Any CPU = Debug|Any CPU
		Release|Any CPU = Release|Any CPU
	EndGlobalSection
	GlobalSection(ProjectConfigurationPlatforms) = postSolution
		{0F33D442-F2E6-4351-AD84-C53F5FFE423B}.Debug|Any CPU.ActiveCfg = Debug|Any CPU
		{0F33D442-F2E6-4351-AD84-C53F5FFE423B}.Debug|Any CPU.Build.0 = Debug|Any CPU
		{0F33D442-F2E6-4351-AD84-C53F5FFE423B}.Release|Any CPU.ActiveCfg = Release|Any CPU
		{0F33D442-F2E6-4351-AD84-C53F5FFE423B}.Release|Any CPU.Build.0 = Release|Any CPU
		{0F33D442-F2E6-4351-AD84-C53F5FFE423B}.Debug|Any CPU.Deploy.0 = Debug|Any CPU
		{52FF3755-C522-4F77-B003-D4ECD92336C0}.Debug|Any CPU.ActiveCfg = Debug|Any CPU
		{52FF3755-C522-4F77-B003-D4ECD92336C0}.Debug|Any CPU.Build.0 = Debug|Any CPU
		{52FF3755-C522-4F77-B003-D4ECD92336C0}.Release|Any CPU.ActiveCfg = Release|Any CPU
		{52FF3755-C522-4F77-B003-D4ECD92336C0}.Release|Any CPU.Build.0 = Release|Any CPU
		{52FF3755-C522-4F77-B003-D4ECD92336C0}.Debug|Any CPU.Deploy.0 = Debug|Any CPU
	EndGlobalSection
	GlobalSection(SolutionProperties) = preSolution
		HideSolutionNode = FALSE
	EndGlobalSection
	GlobalSection(ExtensibilityGlobals) = postSolution
		SolutionGuid = {F982CFD2-CAAF-4481-9D26-138319E4E261}
	EndGlobalSection
EndGlobal
